// !$*UTF8*$!
{
	archiveVersion = 1;
	classes = {
	};
	objectVersion = 56;
	objects = {

/* Begin PBXBuildFile section */
		8410D9632BB278C000B480EA /* fitness_tracker_app.swift in Sources */ = {isa = PBXBuildFile; fileRef = 8410D9622BB278C000B480EA /* fitness_tracker_app.swift */; };
		8410D9652BB278C000B480EA /* ContentView.swift in Sources */ = {isa = PBXBuildFile; fileRef = 8410D9642BB278C000B480EA /* ContentView.swift */; };
		8410D9672BB278C100B480EA /* Assets.xcassets in Resources */ = {isa = PBXBuildFile; fileRef = 8410D9662BB278C100B480EA /* Assets.xcassets */; };
		8410D96A2BB278C100B480EA /* Preview Assets.xcassets in Resources */ = {isa = PBXBuildFile; fileRef = 8410D9692BB278C100B480EA /* Preview Assets.xcassets */; };
		8410D9712BB2794B00B480EA /* MainTabView.swift in Sources */ = {isa = PBXBuildFile; fileRef = 8410D9702BB2794B00B480EA /* MainTabView.swift */; };
		8410D9732BB279C800B480EA /* HomeView.swift in Sources */ = {isa = PBXBuildFile; fileRef = 8410D9722BB279C800B480EA /* HomeView.swift */; };
		8410D9772BB27ADE00B480EA /* ActivityCard.swift in Sources */ = {isa = PBXBuildFile; fileRef = 8410D9762BB27ADE00B480EA /* ActivityCard.swift */; };
		8410D9792BB27B5700B480EA /* HealthManager.swift in Sources */ = {isa = PBXBuildFile; fileRef = 8410D9782BB27B5700B480EA /* HealthManager.swift */; };
		84E93EFA2BB441EA00FB261F /* ChartsView.swift in Sources */ = {isa = PBXBuildFile; fileRef = 84E93EF92BB441EA00FB261F /* ChartsView.swift */; };
/* End PBXBuildFile section */

/* Begin PBXFileReference section */
		8410D95F2BB278C000B480EA /* fitness_tracker_app.app */ = {isa = PBXFileReference; explicitFileType = wrapper.application; includeInIndex = 0; path = fitness_tracker_app.app; sourceTree = BUILT_PRODUCTS_DIR; };
		8410D9622BB278C000B480EA /* fitness_tracker_app.swift */ = {isa = PBXFileReference; lastKnownFileType = sourcecode.swift; path = fitness_tracker_app.swift; sourceTree = "<group>"; };
		8410D9642BB278C000B480EA /* ContentView.swift */ = {isa = PBXFileReference; lastKnownFileType = sourcecode.swift; path = ContentView.swift; sourceTree = "<group>"; };
		8410D9662BB278C100B480EA /* Assets.xcassets */ = {isa = PBXFileReference; lastKnownFileType = folder.assetcatalog; path = Assets.xcassets; sourceTree = "<group>"; };
		8410D9692BB278C100B480EA /* Preview Assets.xcassets */ = {isa = PBXFileReference; lastKnownFileType = folder.assetcatalog; path = "Preview Assets.xcassets"; sourceTree = "<group>"; };
		8410D9702BB2794B00B480EA /* MainTabView.swift */ = {isa = PBXFileReference; lastKnownFileType = sourcecode.swift; path = MainTabView.swift; sourceTree = "<group>"; };
		8410D9722BB279C800B480EA /* HomeView.swift */ = {isa = PBXFileReference; lastKnownFileType = sourcecode.swift; path = HomeView.swift; sourceTree = "<group>"; };
		8410D9762BB27ADE00B480EA /* ActivityCard.swift */ = {isa = PBXFileReference; lastKnownFileType = sourcecode.swift; path = ActivityCard.swift; sourceTree = "<group>"; };
		8410D9782BB27B5700B480EA /* HealthManager.swift */ = {isa = PBXFileReference; lastKnownFileType = sourcecode.swift; path = HealthManager.swift; sourceTree = "<group>"; };
		8410D97A2BB27BEB00B480EA /* fitness_tracker_app.entitlements */ = {isa = PBXFileReference; lastKnownFileType = text.plist.entitlements; path = fitness_tracker_app.entitlements; sourceTree = "<group>"; };
		84E93EF92BB441EA00FB261F /* ChartsView.swift */ = {isa = PBXFileReference; lastKnownFileType = sourcecode.swift; path = ChartsView.swift; sourceTree = "<group>"; };
/* End PBXFileReference section */

/* Begin PBXFrameworksBuildPhase section */
		8410D95C2BB278C000B480EA /* Frameworks */ = {
			isa = PBXFrameworksBuildPhase;
			buildActionMask = 2147483647;
			files = (
			);
			runOnlyForDeploymentPostprocessing = 0;
		};
/* End PBXFrameworksBuildPhase section */

/* Begin PBXGroup section */
		8410D9562BB278C000B480EA = {
			isa = PBXGroup;
			children = (
				8410D9612BB278C000B480EA /* fitness_tracker_app */,
				8410D9602BB278C000B480EA /* Products */,
			);
			sourceTree = "<group>";
		};
		8410D9602BB278C000B480EA /* Products */ = {
			isa = PBXGroup;
			children = (
				8410D95F2BB278C000B480EA /* fitness_tracker_app.app */,
			);
			name = Products;
			sourceTree = "<group>";
		};
		8410D9612BB278C000B480EA /* fitness_tracker_app */ = {
			isa = PBXGroup;
			children = (
				8410D97A2BB27BEB00B480EA /* fitness_tracker_app.entitlements */,
				8410D9622BB278C000B480EA /* fitness_tracker_app.swift */,
				8410D9642BB278C000B480EA /* ContentView.swift */,
				8410D9662BB278C100B480EA /* Assets.xcassets */,
				8410D9682BB278C100B480EA /* Preview Content */,
				8410D9702BB2794B00B480EA /* MainTabView.swift */,
				8410D9722BB279C800B480EA /* HomeView.swift */,
				8410D9762BB27ADE00B480EA /* ActivityCard.swift */,
				8410D9782BB27B5700B480EA /* HealthManager.swift */,
				84E93EF92BB441EA00FB261F /* ChartsView.swift */,
			);
			path = fitness_tracker_app;
			sourceTree = "<group>";
		};
		8410D9682BB278C100B480EA /* Preview Content */ = {
			isa = PBXGroup;
			children = (
				8410D9692BB278C100B480EA /* Preview Assets.xcassets */,
			);
			path = "Preview Content";
			sourceTree = "<group>";
		};
/* End PBXGroup section */

/* Begin PBXNativeTarget section */
		8410D95E2BB278C000B480EA /* fitness_tracker_app */ = {
			isa = PBXNativeTarget;
			buildConfigurationList = 8410D96D2BB278C100B480EA /* Build configuration list for PBXNativeTarget "fitness_tracker_app" */;
			buildPhases = (
				8410D95B2BB278C000B480EA /* Sources */,
				8410D95C2BB278C000B480EA /* Frameworks */,
				8410D95D2BB278C000B480EA /* Resources */,
			);
			buildRules = (
			);
			dependencies = (
			);
			name = fitness_tracker_app;
			productName = fitness_tracker_app;
			productReference = 8410D95F2BB278C000B480EA /* fitness_tracker_app.app */;
			productType = "com.apple.product-type.application";
		};
/* End PBXNativeTarget section */

/* Begin PBXProject section */
		8410D9572BB278C000B480EA /* Project object */ = {
			isa = PBXProject;
			attributes = {
				BuildIndependentTargetsInParallel = 1;
				LastSwiftUpdateCheck = 1530;
				LastUpgradeCheck = 1530;
				TargetAttributes = {
					8410D95E2BB278C000B480EA = {
						CreatedOnToolsVersion = 15.3;
					};
				};
			};
			buildConfigurationList = 8410D95A2BB278C000B480EA /* Build configuration list for PBXProject "fitness_tracker_app" */;
			compatibilityVersion = "Xcode 14.0";
			developmentRegion = en;
			hasScannedForEncodings = 0;
			knownRegions = (
				en,
				Base,
			);
			mainGroup = 8410D9562BB278C000B480EA;
			productRefGroup = 8410D9602BB278C000B480EA /* Products */;
			projectDirPath = "";
			projectRoot = "";
			targets = (
				8410D95E2BB278C000B480EA /* fitness_tracker_app */,
			);
		};
/* End PBXProject section */

/* Begin PBXResourcesBuildPhase section */
		8410D95D2BB278C000B480EA /* Resources */ = {
			isa = PBXResourcesBuildPhase;
			buildActionMask = 2147483647;
			files = (
				8410D96A2BB278C100B480EA /* Preview Assets.xcassets in Resources */,
				8410D9672BB278C100B480EA /* Assets.xcassets in Resources */,
			);
			runOnlyForDeploymentPostprocessing = 0;
		};
/* End PBXResourcesBuildPhase section */

/* Begin PBXSourcesBuildPhase section */
		8410D95B2BB278C000B480EA /* Sources */ = {
			isa = PBXSourcesBuildPhase;
			buildActionMask = 2147483647;
			files = (
				84E93EFA2BB441EA00FB261F /* ChartsView.swift in Sources */,
				8410D9652BB278C000B480EA /* ContentView.swift in Sources */,
				8410D9792BB27B5700B480EA /* HealthManager.swift in Sources */,
				8410D9732BB279C800B480EA /* HomeView.swift in Sources */,
				8410D9712BB2794B00B480EA /* MainTabView.swift in Sources */,
				8410D9632BB278C000B480EA /* fitness_tracker_app.swift in Sources */,
				8410D9772BB27ADE00B480EA /* ActivityCard.swift in Sources */,
			);
			runOnlyForDeploymentPostprocessing = 0;
		};
/* End PBXSourcesBuildPhase section */

/* Begin XCBuildConfiguration section */
		8410D96B2BB278C100B480EA /* Debug */ = {
			isa = XCBuildConfiguration;
			buildSettings = {
				ALWAYS_SEARCH_USER_PATHS = NO;
				ASSETCATALOG_COMPILER_GENERATE_SWIFT_ASSET_SYMBOL_EXTENSIONS = YES;
				CLANG_ANALYZER_NONNULL = YES;
				CLANG_ANALYZER_NUMBER_OBJECT_CONVERSION = YES_AGGRESSIVE;
				CLANG_CXX_LANGUAGE_STANDARD = "gnu++20";
				CLANG_ENABLE_MODULES = YES;
				CLANG_ENABLE_OBJC_ARC = YES;
				CLANG_ENABLE_OBJC_WEAK = YES;
				CLANG_WARN_BLOCK_CAPTURE_AUTORELEASING = YES;
				CLANG_WARN_BOOL_CONVERSION = YES;
				CLANG_WARN_COMMA = YES;
				CLANG_WARN_CONSTANT_CONVERSION = YES;
				CLANG_WARN_DEPRECATED_OBJC_IMPLEMENTATIONS = YES;
				CLANG_WARN_DIRECT_OBJC_ISA_USAGE = YES_ERROR;
				CLANG_WARN_DOCUMENTATION_COMMENTS = YES;
				CLANG_WARN_EMPTY_BODY = YES;
				CLANG_WARN_ENUM_CONVERSION = YES;
				CLANG_WARN_INFINITE_RECURSION = YES;
				CLANG_WARN_INT_CONVERSION = YES;
				CLANG_WARN_NON_LITERAL_NULL_CONVERSION = YES;
				CLANG_WARN_OBJC_IMPLICIT_RETAIN_SELF = YES;
				CLANG_WARN_OBJC_LITERAL_CONVERSION = YES;
				CLANG_WARN_OBJC_ROOT_CLASS = YES_ERROR;
				CLANG_WARN_QUOTED_INCLUDE_IN_FRAMEWORK_HEADER = YES;
				CLANG_WARN_RANGE_LOOP_ANALYSIS = YES;
				CLANG_WARN_STRICT_PROTOTYPES = YES;
				CLANG_WARN_SUSPICIOUS_MOVE = YES;
				CLANG_WARN_UNGUARDED_AVAILABILITY = YES_AGGRESSIVE;
				CLANG_WARN_UNREACHABLE_CODE = YES;
				CLANG_WARN__DUPLICATE_METHOD_MATCH = YES;
				COPY_PHASE_STRIP = NO;
				DEBUG_INFORMATION_FORMAT = dwarf;
				ENABLE_STRICT_OBJC_MSGSEND = YES;
				ENABLE_TESTABILITY = YES;
				ENABLE_USER_SCRIPT_SANDBOXING = YES;
				GCC_C_LANGUAGE_STANDARD = gnu17;
				GCC_DYNAMIC_NO_PIC = NO;
				GCC_NO_COMMON_BLOCKS = YES;
				GCC_OPTIMIZATION_LEVEL = 0;
				GCC_PREPROCESSOR_DEFINITIONS = (
					"DEBUG=1",
					"$(inherited)",
				);
				GCC_WARN_64_TO_32_BIT_CONVERSION = YES;
				GCC_WARN_ABOUT_RETURN_TYPE = YES_ERROR;
				GCC_WARN_UNDECLARED_SELECTOR = YES;
				GCC_WARN_UNINITIALIZED_AUTOS = YES_AGGRESSIVE;
				GCC_WARN_UNUSED_FUNCTION = YES;
				GCC_WARN_UNUSED_VARIABLE = YES;
				IPHONEOS_DEPLOYMENT_TARGET = 17.4;
				LOCALIZATION_PREFERS_STRING_CATALOGS = YES;
				MTL_ENABLE_DEBUG_INFO = INCLUDE_SOURCE;
				MTL_FAST_MATH = YES;
				ONLY_ACTIVE_ARCH = YES;
				SDKROOT = iphoneos;
				SWIFT_ACTIVE_COMPILATION_CONDITIONS = "DEBUG $(inherited)";
				SWIFT_OPTIMIZATION_LEVEL = "-Onone";
			};
			name = Debug;
		};
		8410D96C2BB278C100B480EA /* Release */ = {
			isa = XCBuildConfiguration;
			buildSettings = {
				ALWAYS_SEARCH_USER_PATHS = NO;
				ASSETCATALOG_COMPILER_GENERATE_SWIFT_ASSET_SYMBOL_EXTENSIONS = YES;
				CLANG_ANALYZER_NONNULL = YES;
				CLANG_ANALYZER_NUMBER_OBJECT_CONVERSION = YES_AGGRESSIVE;
				CLANG_CXX_LANGUAGE_STANDARD = "gnu++20";
				CLANG_ENABLE_MODULES = YES;
				CLANG_ENABLE_OBJC_ARC = YES;
				CLANG_ENABLE_OBJC_WEAK = YES;
				CLANG_WARN_BLOCK_CAPTURE_AUTORELEASING = YES;
				CLANG_WARN_BOOL_CONVERSION = YES;
				CLANG_WARN_COMMA = YES;
				CLANG_WARN_CONSTANT_CONVERSION = YES;
				CLANG_WARN_DEPRECATED_OBJC_IMPLEMENTATIONS = YES;
				CLANG_WARN_DIRECT_OBJC_ISA_USAGE = YES_ERROR;
				CLANG_WARN_DOCUMENTATION_COMMENTS = YES;
				CLANG_WARN_EMPTY_BODY = YES;
				CLANG_WARN_ENUM_CONVERSION = YES;
				CLANG_WARN_INFINITE_RECURSION = YES;
				CLANG_WARN_INT_CONVERSION = YES;
				CLANG_WARN_NON_LITERAL_NULL_CONVERSION = YES;
				CLANG_WARN_OBJC_IMPLICIT_RETAIN_SELF = YES;
				CLANG_WARN_OBJC_LITERAL_CONVERSION = YES;
				CLANG_WARN_OBJC_ROOT_CLASS = YES_ERROR;
				CLANG_WARN_QUOTED_INCLUDE_IN_FRAMEWORK_HEADER = YES;
				CLANG_WARN_RANGE_LOOP_ANALYSIS = YES;
				CLANG_WARN_STRICT_PROTOTYPES = YES;
				CLANG_WARN_SUSPICIOUS_MOVE = YES;
				CLANG_WARN_UNGUARDED_AVAILABILITY = YES_AGGRESSIVE;
				CLANG_WARN_UNREACHABLE_CODE = YES;
				CLANG_WARN__DUPLICATE_METHOD_MATCH = YES;
				COPY_PHASE_STRIP = NO;
				DEBUG_INFORMATION_FORMAT = "dwarf-with-dsym";
				ENABLE_NS_ASSERTIONS = NO;
				ENABLE_STRICT_OBJC_MSGSEND = YES;
				ENABLE_USER_SCRIPT_SANDBOXING = YES;
				GCC_C_LANGUAGE_STANDARD = gnu17;
				GCC_NO_COMMON_BLOCKS = YES;
				GCC_WARN_64_TO_32_BIT_CONVERSION = YES;
				GCC_WARN_ABOUT_RETURN_TYPE = YES_ERROR;
				GCC_WARN_UNDECLARED_SELECTOR = YES;
				GCC_WARN_UNINITIALIZED_AUTOS = YES_AGGRESSIVE;
				GCC_WARN_UNUSED_FUNCTION = YES;
				GCC_WARN_UNUSED_VARIABLE = YES;
				IPHONEOS_DEPLOYMENT_TARGET = 17.4;
				LOCALIZATION_PREFERS_STRING_CATALOGS = YES;
				MTL_ENABLE_DEBUG_INFO = NO;
				MTL_FAST_MATH = YES;
				SDKROOT = iphoneos;
				SWIFT_COMPILATION_MODE = wholemodule;
				VALIDATE_PRODUCT = YES;
			};
			name = Release;
		};
		8410D96E2BB278C100B480EA /* Debug */ = {
			isa = XCBuildConfiguration;
			buildSettings = {
				ASSETCATALOG_COMPILER_APPICON_NAME = AppIcon;
				ASSETCATALOG_COMPILER_GLOBAL_ACCENT_COLOR_NAME = AccentColor;
				CODE_SIGN_ENTITLEMENTS = fitness_tracker_app/fitness_tracker_app.entitlements;
				CODE_SIGN_STYLE = Automatic;
				CURRENT_PROJECT_VERSION = 1;
				DEVELOPMENT_ASSET_PATHS = "\"fitness_tracker_app/Preview Content\"";
				ENABLE_PREVIEWS = YES;
				GENERATE_INFOPLIST_FILE = YES;
				INFOPLIST_FILE = "fitness-tracker-app-Info.plist";
				INFOPLIST_KEY_NSHealthClinicalHealthRecordsShareUsageDescription = "Please allow access to enjoy all the features of the application";
				INFOPLIST_KEY_UIApplicationSceneManifest_Generation = YES;
				INFOPLIST_KEY_UIApplicationSupportsIndirectInputEvents = YES;
				INFOPLIST_KEY_UILaunchScreen_Generation = YES;
				INFOPLIST_KEY_UISupportedInterfaceOrientations_iPad = "UIInterfaceOrientationPortrait UIInterfaceOrientationPortraitUpsideDown UIInterfaceOrientationLandscapeLeft UIInterfaceOrientationLandscapeRight";
				INFOPLIST_KEY_UISupportedInterfaceOrientations_iPhone = "UIInterfaceOrientationPortrait UIInterfaceOrientationLandscapeLeft UIInterfaceOrientationLandscapeRight";
				LD_RUNPATH_SEARCH_PATHS = (
					"$(inherited)",
					"@executable_path/Frameworks",
				);
				MARKETING_VERSION = 1.0;
				PRODUCT_BUNDLE_IDENTIFIER = "com.mariaehab.fitness-tracker-app";
				PRODUCT_NAME = "$(TARGET_NAME)";
				SWIFT_EMIT_LOC_STRINGS = YES;
				SWIFT_VERSION = 5.0;
				TARGETED_DEVICE_FAMILY = "1,2";
			};
			name = Debug;
		};
		8410D96F2BB278C100B480EA /* Release */ = {
			isa = XCBuildConfiguration;
			buildSettings = {
				ASSETCATALOG_COMPILER_APPICON_NAME = AppIcon;
				ASSETCATALOG_COMPILER_GLOBAL_ACCENT_COLOR_NAME = AccentColor;
				CODE_SIGN_ENTITLEMENTS = fitness_tracker_app/fitness_tracker_app.entitlements;
				CODE_SIGN_STYLE = Automatic;
				CURRENT_PROJECT_VERSION = 1;
				DEVELOPMENT_ASSET_PATHS = "\"fitness_tracker_app/Preview Content\"";
				ENABLE_PREVIEWS = YES;
				GENERATE_INFOPLIST_FILE = YES;
				INFOPLIST_FILE = "fitness-tracker-app-Info.plist";
				INFOPLIST_KEY_NSHealthClinicalHealthRecordsShareUsageDescription = "Please allow access to enjoy all the features of the application";
				INFOPLIST_KEY_UIApplicationSceneManifest_Generation = YES;
				INFOPLIST_KEY_UIApplicationSupportsIndirectInputEvents = YES;
				INFOPLIST_KEY_UILaunchScreen_Generation = YES;
				INFOPLIST_KEY_UISupportedInterfaceOrientations_iPad = "UIInterfaceOrientationPortrait UIInterfaceOrientationPortraitUpsideDown UIInterfaceOrientationLandscapeLeft UIInterfaceOrientationLandscapeRight";
				INFOPLIST_KEY_UISupportedInterfaceOrientations_iPhone = "UIInterfaceOrientationPortrait UIInterfaceOrientationLandscapeLeft UIInterfaceOrientationLandscapeRight";
				LD_RUNPATH_SEARCH_PATHS = (
					"$(inherited)",
					"@executable_path/Frameworks",
				);
				MARKETING_VERSION = 1.0;
				PRODUCT_BUNDLE_IDENTIFIER = "com.mariaehab.fitness-tracker-app";
				PRODUCT_NAME = "$(TARGET_NAME)";
				SWIFT_EMIT_LOC_STRINGS = YES;
				SWIFT_VERSION = 5.0;
				TARGETED_DEVICE_FAMILY = "1,2";
			};
			name = Release;
		};
/* End XCBuildConfiguration section */

/* Begin XCConfigurationList section */
		8410D95A2BB278C000B480EA /* Build configuration list for PBXProject "fitness_tracker_app" */ = {
			isa = XCConfigurationList;
			buildConfigurations = (
				8410D96B2BB278C100B480EA /* Debug */,
				8410D96C2BB278C100B480EA /* Release */,
			);
			defaultConfigurationIsVisible = 0;
			defaultConfigurationName = Release;
		};
		8410D96D2BB278C100B480EA /* Build configuration list for PBXNativeTarget "fitness_tracker_app" */ = {
			isa = XCConfigurationList;
			buildConfigurations = (
				8410D96E2BB278C100B480EA /* Debug */,
				8410D96F2BB278C100B480EA /* Release */,
			);
			defaultConfigurationIsVisible = 0;
			defaultConfigurationName = Release;
		};
/* End XCConfigurationList section */
	};
	rootObject = 8410D9572BB278C000B480EA /* Project object */;
}
